
Microsoft Visual Studio Solution File, Format Version 12.00
# Visual Studio 15
Project("{FAE04EC0-301F-11D3-BF4B-00C04F79EFBC}") = "APIGateway", "APIGateway\APIGateway.csproj", "{731D500E-B853-4056-A0E7-55FBFFD1268E}"
EndProject
Project("{FAE04EC0-301F-11D3-BF4B-00C04F79EFBC}") = "APIGateway.Services", "APIGateway.Services\APIGateway.Services.csproj", "{4350A4E7-F039-4C08-9163-A56318548590}"
EndProject
Project("{FAE04EC0-301F-11D3-BF4B-00C04F79EFBC}") = "APIGateway.Services.Tests", "APIGateway.Services.Tests\APIGateway.Services.Tests.csproj", "{B9EEA417-710E-4B49-B38A-58CDC9D2AFFE}"
EndProject
Project("{FAE04EC0-301F-11D3-BF4B-00C04F79EFBC}") = "APIGateway.Queue", "APIGateway.Queue\APIGateway.Queue.csproj", "{5F189064-498E-41A1-9B2C-06DE82F4856A}"
EndProject
Project("{FAE04EC0-301F-11D3-BF4B-00C04F79EFBC}") = "APIGateway.Logging", "APIGateway.Logging\APIGateway.Logging.csproj", "{73C8AB32-08D9-43AB-A22C-67DC55906246}"
EndProject
Global
	GlobalSection(SolutionConfigurationPlatforms) = preSolution
		Debug|Any CPU = Debug|Any CPU
		Release|Any CPU = Release|Any CPU
	EndGlobalSection
	GlobalSection(ProjectConfigurationPlatforms) = postSolution
		{731D500E-B853-4056-A0E7-55FBFFD1268E}.Debug|Any CPU.ActiveCfg = Debug|Any CPU
		{731D500E-B853-4056-A0E7-55FBFFD1268E}.Debug|Any CPU.Build.0 = Debug|Any CPU
		{731D500E-B853-4056-A0E7-55FBFFD1268E}.Release|Any CPU.ActiveCfg = Release|Any CPU
		{731D500E-B853-4056-A0E7-55FBFFD1268E}.Release|Any CPU.Build.0 = Release|Any CPU
		{4350A4E7-F039-4C08-9163-A56318548590}.Debug|Any CPU.ActiveCfg = Debug|Any CPU
		{4350A4E7-F039-4C08-9163-A56318548590}.Debug|Any CPU.Build.0 = Debug|Any CPU
		{4350A4E7-F039-4C08-9163-A56318548590}.Release|Any CPU.ActiveCfg = Release|Any CPU
		{4350A4E7-F039-4C08-9163-A56318548590}.Release|Any CPU.Build.0 = Release|Any CPU
		{B9EEA417-710E-4B49-B38A-58CDC9D2AFFE}.Debug|Any CPU.ActiveCfg = Debug|Any CPU
		{B9EEA417-710E-4B49-B38A-58CDC9D2AFFE}.Debug|Any CPU.Build.0 = Debug|Any CPU
		{B9EEA417-710E-4B49-B38A-58CDC9D2AFFE}.Release|Any CPU.ActiveCfg = Release|Any CPU
		{B9EEA417-710E-4B49-B38A-58CDC9D2AFFE}.Release|Any CPU.Build.0 = Release|Any CPU
		{5F189064-498E-41A1-9B2C-06DE82F4856A}.Debug|Any CPU.ActiveCfg = Debug|Any CPU
		{5F189064-498E-41A1-9B2C-06DE82F4856A}.Debug|Any CPU.Build.0 = Debug|Any CPU
		{5F189064-498E-41A1-9B2C-06DE82F4856A}.Release|Any CPU.ActiveCfg = Release|Any CPU
		{5F189064-498E-41A1-9B2C-06DE82F4856A}.Release|Any CPU.Build.0 = Release|Any CPU
		{73C8AB32-08D9-43AB-A22C-67DC55906246}.Debug|Any CPU.ActiveCfg = Debug|Any CPU
		{73C8AB32-08D9-43AB-A22C-67DC55906246}.Debug|Any CPU.Build.0 = Debug|Any CPU
		{73C8AB32-08D9-43AB-A22C-67DC55906246}.Release|Any CPU.ActiveCfg = Release|Any CPU
		{73C8AB32-08D9-43AB-A22C-67DC55906246}.Release|Any CPU.Build.0 = Release|Any CPU
	EndGlobalSection
EndGlobal
