
Microsoft Visual Studio Solution File, Format Version 12.00
# Visual Studio 15
Project("{FAE04EC0-301F-11D3-BF4B-00C04F79EFBC}") = "Scheduler", "Scheduler\Scheduler.csproj", "{ACDFC460-83B8-4760-A76B-E5CA535BFE83}"
EndProject
Global
	GlobalSection(SolutionConfigurationPlatforms) = preSolution
		Debug|Any CPU = Debug|Any CPU
		Release|Any CPU = Release|Any CPU
	EndGlobalSection
	GlobalSection(ProjectConfigurationPlatforms) = postSolution
		{ACDFC460-83B8-4760-A76B-E5CA535BFE83}.Debug|Any CPU.ActiveCfg = Debug|Any CPU
		{ACDFC460-83B8-4760-A76B-E5CA535BFE83}.Debug|Any CPU.Build.0 = Debug|Any CPU
		{ACDFC460-83B8-4760-A76B-E5CA535BFE83}.Release|Any CPU.ActiveCfg = Release|Any CPU
		{ACDFC460-83B8-4760-A76B-E5CA535BFE83}.Release|Any CPU.Build.0 = Release|Any CPU
	EndGlobalSection
EndGlobal
